
Microsoft Visual Studio Solution File, Format Version 12.00
# Visual Studio Version 16
VisualStudioVersion = 16.0.32106.194
MinimumVisualStudioVersion = 10.0.40219.1
Project("{9A19103F-16F7-4668-BE54-9A1E7A4F7556}") = "Assably3.Server", "Assably3\Server\Assably3.Server.csproj", "{CADCD444-DB64-4748-A6E0-2D03B6A509F3}"
EndProject
Project("{9A19103F-16F7-4668-BE54-9A1E7A4F7556}") = "Assably3.Client", "Assably3\Client\Assably3.Client.csproj", "{D1C9C7B9-8C54-4636-8F63-FD0BBF2AB772}"
EndProject
Project("{9A19103F-16F7-4668-BE54-9A1E7A4F7556}") = "Assably3.Shared", "Assably3\Shared\Assably3.Shared.csproj", "{50D6C616-2BB2-484C-AD41-31C36ECE770C}"
EndProject
Global
	GlobalSection(SolutionConfigurationPlatforms) = preSolution
		Debug|Any CPU = Debug|Any CPU
		Release|Any CPU = Release|Any CPU
	EndGlobalSection
	GlobalSection(ProjectConfigurationPlatforms) = postSolution
		{CADCD444-DB64-4748-A6E0-2D03B6A509F3}.Debug|Any CPU.ActiveCfg = Debug|Any CPU
		{CADCD444-DB64-4748-A6E0-2D03B6A509F3}.Debug|Any CPU.Build.0 = Debug|Any CPU
		{CADCD444-DB64-4748-A6E0-2D03B6A509F3}.Release|Any CPU.ActiveCfg = Release|Any CPU
		{CADCD444-DB64-4748-A6E0-2D03B6A509F3}.Release|Any CPU.Build.0 = Release|Any CPU
		{D1C9C7B9-8C54-4636-8F63-FD0BBF2AB772}.Debug|Any CPU.ActiveCfg = Debug|Any CPU
		{D1C9C7B9-8C54-4636-8F63-FD0BBF2AB772}.Debug|Any CPU.Build.0 = Debug|Any CPU
		{D1C9C7B9-8C54-4636-8F63-FD0BBF2AB772}.Release|Any CPU.ActiveCfg = Release|Any CPU
		{D1C9C7B9-8C54-4636-8F63-FD0BBF2AB772}.Release|Any CPU.Build.0 = Release|Any CPU
		{50D6C616-2BB2-484C-AD41-31C36ECE770C}.Debug|Any CPU.ActiveCfg = Debug|Any CPU
		{50D6C616-2BB2-484C-AD41-31C36ECE770C}.Debug|Any CPU.Build.0 = Debug|Any CPU
		{50D6C616-2BB2-484C-AD41-31C36ECE770C}.Release|Any CPU.ActiveCfg = Release|Any CPU
		{50D6C616-2BB2-484C-AD41-31C36ECE770C}.Release|Any CPU.Build.0 = Release|Any CPU
	EndGlobalSection
	GlobalSection(SolutionProperties) = preSolution
		HideSolutionNode = FALSE
	EndGlobalSection
	GlobalSection(ExtensibilityGlobals) = postSolution
		SolutionGuid = {E23D21B5-D902-48A7-B0C9-7E38681F3215}
	EndGlobalSection
EndGlobal
