
Microsoft Visual Studio Solution File, Format Version 12.00
# Visual Studio Version 17
VisualStudioVersion = 17.3.32922.545
MinimumVisualStudioVersion = 10.0.40219.1
Project("{FAE04EC0-301F-11D3-BF4B-00C04F79EFBC}") = "BdEjemplo", "BdEjemplo\BdEjemplo.csproj", "{F760A721-3DF4-4205-9E49-84BAF2EB0206}"
EndProject
Global
	GlobalSection(SolutionConfigurationPlatforms) = preSolution
		Debug|Any CPU = Debug|Any CPU
		Release|Any CPU = Release|Any CPU
	EndGlobalSection
	GlobalSection(ProjectConfigurationPlatforms) = postSolution
		{F760A721-3DF4-4205-9E49-84BAF2EB0206}.Debug|Any CPU.ActiveCfg = Debug|Any CPU
		{F760A721-3DF4-4205-9E49-84BAF2EB0206}.Debug|Any CPU.Build.0 = Debug|Any CPU
		{F760A721-3DF4-4205-9E49-84BAF2EB0206}.Release|Any CPU.ActiveCfg = Release|Any CPU
		{F760A721-3DF4-4205-9E49-84BAF2EB0206}.Release|Any CPU.Build.0 = Release|Any CPU
	EndGlobalSection
	GlobalSection(SolutionProperties) = preSolution
		HideSolutionNode = FALSE
	EndGlobalSection
	GlobalSection(ExtensibilityGlobals) = postSolution
		SolutionGuid = {B7D6C8EB-4131-49D3-88A3-025EE4424EF1}
	EndGlobalSection
EndGlobal
